{
  "requires": true,
  "lockfileVersion": 1,
  "dependencies": {
    "csv-js": {
      "version": "1.0.0",
      "resolved": "https://registry.npmjs.org/csv-js/-/csv-js-1.0.0.tgz",
      "integrity": "sha1-uq0z4qQmfLO6942meq7zmNUmOek=",
      "dev": true
    },
    "escape-quotes": {
      "version": "1.0.2",
      "resolved": "https://registry.npmjs.org/escape-quotes/-/escape-quotes-1.0.2.tgz",
      "integrity": "sha1-tIltSmz4LdWzP0m3E0CMY4D2zZc=",
      "requires": {
        "escape-string-regexp": "^1.0.5"
      }
    },
    "escape-string-regexp": {
      "version": "1.0.5",
      "resolved": "https://registry.npmjs.org/escape-string-regexp/-/escape-string-regexp-1.0.5.tgz",
      "integrity": "sha1-G2HAViGQqN/2rjuyzwIAyhMLhtQ="
    }
  }
}
